#
# This file is autogenerated by pip-compile with Python 3.13
# by the following command:
#
#    pip-compile --extra=dev --output-file=requirements.lock pyproject.toml
#
annotated-types==0.7.0
    # via pydantic
anyio==4.14.2
    # via httpx
ast-serialize==0.6.0
    # via mypy
build==1.5.0
    # via pip-tools
certifi==2026.6.17
    # via
    #   httpcore
    #   httpx
    #   requests
cffi==2.1.0
    # via vosk
charset-normalizer==3.4.9
    # via requests
click==8.4.2
    # via pip-tools
colorama==0.4.6
    # via
    #   build
    #   click
    #   pytest
    #   tqdm
h11==0.16.0
    # via httpcore
httpcore==1.0.9
    # via httpx
httpx==0.28.1
    # via live-caption-bridge (pyproject.toml)
idna==3.18
    # via
    #   anyio
    #   httpx
    #   requests
iniconfig==2.3.0
    # via pytest
jaraco-classes==3.4.0
    # via keyring
jaraco-context==6.1.2
    # via keyring
jaraco-functools==4.6.0
    # via keyring
keyring==25.7.0
    # via live-caption-bridge (pyproject.toml)
librt==0.13.0
    # via mypy
markupsafe==3.0.3
    # via werkzeug
more-itertools==11.1.0
    # via
    #   jaraco-classes
    #   jaraco-functools
mss==10.2.0
    # via live-caption-bridge (pyproject.toml)
mypy==2.3.0
    # via live-caption-bridge (pyproject.toml)
mypy-extensions==1.1.0
    # via mypy
numpy==2.5.1
    # via live-caption-bridge (pyproject.toml)
packaging==26.2
    # via
    #   build
    #   pytest
    #   wheel
pathspec==1.1.1
    # via mypy
pip-tools==7.5.3
    # via live-caption-bridge (pyproject.toml)
pluggy==1.6.0
    # via
    #   pytest
    #   pytest-qt
psutil==7.2.2
    # via live-caption-bridge (pyproject.toml)
pyaudio==0.2.14
    # via live-caption-bridge (pyproject.toml)
pycparser==3.0
    # via cffi
pydantic==2.13.4
    # via pydantic-settings
pydantic-core==2.46.4
    # via pydantic
pydantic-settings==2.14.2
    # via live-caption-bridge (pyproject.toml)
pygments==2.20.0
    # via pytest
pyproject-hooks==1.2.0
    # via
    #   build
    #   pip-tools
pyside6==6.11.1
    # via live-caption-bridge (pyproject.toml)
pyside6-addons==6.11.1
    # via pyside6
pyside6-essentials==6.11.1
    # via
    #   pyside6
    #   pyside6-addons
pytest==9.1.1
    # via
    #   live-caption-bridge (pyproject.toml)
    #   pytest-qt
pytest-httpserver==1.1.5
    # via live-caption-bridge (pyproject.toml)
pytest-qt==4.5.0
    # via live-caption-bridge (pyproject.toml)
python-dotenv==1.2.2
    # via pydantic-settings
pywin32-ctypes==0.2.3
    # via keyring
requests==2.34.2
    # via vosk
ruff==0.15.22
    # via live-caption-bridge (pyproject.toml)
shiboken6==6.11.1
    # via
    #   pyside6
    #   pyside6-addons
    #   pyside6-essentials
srt==3.5.3
    # via vosk
tqdm==4.68.4
    # via vosk
typing-extensions==4.16.0
    # via
    #   mypy
    #   pydantic
    #   pydantic-core
    #   pytest-qt
    #   typing-inspection
typing-inspection==0.4.2
    # via
    #   pydantic
    #   pydantic-settings
urllib3==2.7.0
    # via requests
vosk==0.3.45
    # via live-caption-bridge (pyproject.toml)
websockets==16.1.1
    # via vosk
werkzeug==3.1.8
    # via pytest-httpserver
wheel==0.47.0
    # via pip-tools

# The following packages are considered to be unsafe in a requirements file:
# pip
# setuptools
